
Microsoft Visual Studio Solution File, Format Version 12.00
# Visual Studio Version 17
VisualStudioVersion = 17.3.32929.385
MinimumVisualStudioVersion = 10.0.40219.1
Project("{FAE04EC0-301F-11D3-BF4B-00C04F79EFBC}") = "MikroTik backup", "MikroTik backup\MikroTik backup.csproj", "{8A6014A3-B9E9-43D7-9894-39B66C1DA0E9}"
EndProject
Global
	GlobalSection(SolutionConfigurationPlatforms) = preSolution
		Debug|Any CPU = Debug|Any CPU
		Release|Any CPU = Release|Any CPU
	EndGlobalSection
	GlobalSection(ProjectConfigurationPlatforms) = postSolution
		{8A6014A3-B9E9-43D7-9894-39B66C1DA0E9}.Debug|Any CPU.ActiveCfg = Debug|Any CPU
		{8A6014A3-B9E9-43D7-9894-39B66C1DA0E9}.Debug|Any CPU.Build.0 = Debug|Any CPU
		{8A6014A3-B9E9-43D7-9894-39B66C1DA0E9}.Release|Any CPU.ActiveCfg = Release|Any CPU
		{8A6014A3-B9E9-43D7-9894-39B66C1DA0E9}.Release|Any CPU.Build.0 = Release|Any CPU
	EndGlobalSection
	GlobalSection(SolutionProperties) = preSolution
		HideSolutionNode = FALSE
	EndGlobalSection
	GlobalSection(ExtensibilityGlobals) = postSolution
		SolutionGuid = {A870451D-1BD3-449E-84DF-BDE4713358EF}
	EndGlobalSection
EndGlobal
